<?xml version="1.0" encoding="utf-8"?>
<Project ToolsVersion="17.0" xmlns="http://schemas.microsoft.com/developer/msbuild/2003">
  <ItemGroup>
    <ClCompile Include="D:\TDA362new\tda362-labs\lab2-textures\lab2_main.cpp">
      <Filter>Source Files</Filter>
    </ClCompile>
  </ItemGroup>
  <ItemGroup>
    <CustomBuild Include="D:\TDA362new\tda362-labs\lab2-textures\CMakeLists.txt" />
  </ItemGroup>
  <ItemGroup>
    <None Include="D:\TDA362new\tda362-labs\lab2-textures\simple.frag">
      <Filter>Shaders</Filter>
    </None>
    <None Include="D:\TDA362new\tda362-labs\lab2-textures\simple.vert">
      <Filter>Shaders</Filter>
    </None>
  </ItemGroup>
  <ItemGroup>
    <Filter Include="Shaders">
      <UniqueIdentifier>{EFB0D3B9-88A0-37DC-AF7F-5A95D5DB9C8B}</UniqueIdentifier>
    </Filter>
    <Filter Include="Source Files">
      <UniqueIdentifier>{5003FD66-FEE3-325A-911B-6826F1AFC99F}</UniqueIdentifier>
    </Filter>
  </ItemGroup>
</Project>
